
Microsoft Visual Studio Solution File, Format Version 12.00
# Visual Studio Version 16
VisualStudioVersion = 16.0.31105.61
MinimumVisualStudioVersion = 10.0.40219.1
Project("{FAE04EC0-301F-11D3-BF4B-00C04F79EFBC}") = "SharpMiniDump", "SharpMiniDump.csproj", "{E11D1B8A-7471-4108-892B-EAF31CFA0592}"
EndProject
Global
	GlobalSection(SolutionConfigurationPlatforms) = preSolution
		Debug|Any CPU = Debug|Any CPU
		Debug|x64 = Debug|x64
		Release|Any CPU = Release|Any CPU
		Release|x64 = Release|x64
	EndGlobalSection
	GlobalSection(ProjectConfigurationPlatforms) = postSolution
		{E11D1B8A-7471-4108-892B-EAF31CFA0592}.Debug|Any CPU.ActiveCfg = Release|Any CPU
		{E11D1B8A-7471-4108-892B-EAF31CFA0592}.Debug|Any CPU.Build.0 = Release|Any CPU
		{E11D1B8A-7471-4108-892B-EAF31CFA0592}.Debug|x64.ActiveCfg = Debug|x64
		{E11D1B8A-7471-4108-892B-EAF31CFA0592}.Debug|x64.Build.0 = Debug|x64
		{E11D1B8A-7471-4108-892B-EAF31CFA0592}.Release|Any CPU.ActiveCfg = Release|Any CPU
		{E11D1B8A-7471-4108-892B-EAF31CFA0592}.Release|Any CPU.Build.0 = Release|Any CPU
		{E11D1B8A-7471-4108-892B-EAF31CFA0592}.Release|x64.ActiveCfg = Release|x64
		{E11D1B8A-7471-4108-892B-EAF31CFA0592}.Release|x64.Build.0 = Release|x64
	EndGlobalSection
	GlobalSection(SolutionProperties) = preSolution
		HideSolutionNode = FALSE
	EndGlobalSection
	GlobalSection(ExtensibilityGlobals) = postSolution
		SolutionGuid = {313DE84B-E2C5-4A1F-AFD7-27D3F59325DD}
	EndGlobalSection
EndGlobal
